
Microsoft Visual Studio Solution File, Format Version 10.00
# Visual Studio 2008
Project("{D183A3D8-5FD8-494B-B014-37F57B35E655}") = "ActualizarRegistros", "ActualizarRegistros.dtproj", "{CB827301-9548-4DFF-B798-6E92547A354B}"
EndProject
Global
	GlobalSection(SolutionConfigurationPlatforms) = preSolution
		Development|Default = Development|Default
	EndGlobalSection
	GlobalSection(ProjectConfigurationPlatforms) = postSolution
		{CB827301-9548-4DFF-B798-6E92547A354B}.Development|Default.ActiveCfg = Development
		{CB827301-9548-4DFF-B798-6E92547A354B}.Development|Default.Build.0 = Development
	EndGlobalSection
	GlobalSection(SolutionProperties) = preSolution
		HideSolutionNode = FALSE
	EndGlobalSection
EndGlobal
