
Microsoft Visual Studio Solution File, Format Version 10.00
# Visual Studio 2008
Project("{D183A3D8-5FD8-494B-B014-37F57B35E655}") = "MigrarPolizas", "MigrarPolizas.dtproj", "{4B8327D4-C02F-4761-8010-1A9118F45933}"
EndProject
Global
	GlobalSection(SolutionConfigurationPlatforms) = preSolution
		Deploy|Default = Deploy|Default
		Development|Default = Development|Default
	EndGlobalSection
	GlobalSection(ProjectConfigurationPlatforms) = postSolution
		{4B8327D4-C02F-4761-8010-1A9118F45933}.Deploy|Default.ActiveCfg = Deploy
		{4B8327D4-C02F-4761-8010-1A9118F45933}.Deploy|Default.Build.0 = Deploy
		{4B8327D4-C02F-4761-8010-1A9118F45933}.Development|Default.ActiveCfg = Development
		{4B8327D4-C02F-4761-8010-1A9118F45933}.Development|Default.Build.0 = Development
	EndGlobalSection
	GlobalSection(SolutionProperties) = preSolution
		HideSolutionNode = FALSE
	EndGlobalSection
EndGlobal
